
Microsoft Visual Studio Solution File, Format Version 12.00
# Visual Studio Version 16
VisualStudioVersion = 16.0.30413.136
MinimumVisualStudioVersion = 10.0.40219.1
Project("{FAE04EC0-301F-11D3-BF4B-00C04F79EFBC}") = "CleanCode", "CleanCode\CleanCode.csproj", "{C9ED94AC-94F5-4224-9AB7-908E34DA1664}"
EndProject
Global
	GlobalSection(SolutionConfigurationPlatforms) = preSolution
		Debug|Any CPU = Debug|Any CPU
		Release|Any CPU = Release|Any CPU
	EndGlobalSection
	GlobalSection(ProjectConfigurationPlatforms) = postSolution
		{C9ED94AC-94F5-4224-9AB7-908E34DA1664}.Debug|Any CPU.ActiveCfg = Debug|Any CPU
		{C9ED94AC-94F5-4224-9AB7-908E34DA1664}.Debug|Any CPU.Build.0 = Debug|Any CPU
		{C9ED94AC-94F5-4224-9AB7-908E34DA1664}.Release|Any CPU.ActiveCfg = Release|Any CPU
		{C9ED94AC-94F5-4224-9AB7-908E34DA1664}.Release|Any CPU.Build.0 = Release|Any CPU
	EndGlobalSection
	GlobalSection(SolutionProperties) = preSolution
		HideSolutionNode = FALSE
	EndGlobalSection
	GlobalSection(ExtensibilityGlobals) = postSolution
		SolutionGuid = {45D13EAC-165D-4F10-99D0-DA8CF4BFD38A}
	EndGlobalSection
EndGlobal
